{
  "nodes": {
    "nixpkgs": {
      "locked": {
        "lastModified": 1669805558,
        "narHash": "sha256-MjSv0KcmLrwoEq4GPeFYLbFC4YP3C/9XGou8bq4KxLw=",
        "owner": "NixOS",
        "repo": "nixpkgs",
        "rev": "f1b9cc23aa8b1549dd7cb53dbe9fc950efc97646",
        "type": "github"
      },
      "original": {
        "owner": "NixOS",
        "repo": "nixpkgs",
        "rev": "f1b9cc23aa8b1549dd7cb53dbe9fc950efc97646",
        "type": "github"
      }
    },
    "root": {
      "inputs": {
        "nixpkgs": "nixpkgs",
        "utils": "utils"
      }
    },
    "utils": {
      "locked": {
        "lastModified": 1667395993,
        "narHash": "sha256-nuEHfE/LcWyuSWnS8t12N1wc105Qtau+/OdUAjtQ0rA=",
        "owner": "numtide",
        "repo": "flake-utils",
        "rev": "5aed5285a952e0b949eb3ba02c12fa4fcfef535f",
        "type": "github"
      },
      "original": {
        "owner": "numtide",
        "repo": "flake-utils",
        "type": "github"
      }
    }
  },
  "root": "root",
  "version": 7
}
